<Solution>
  <Folder Name="/src/">
    <Project Path="src/Ramendo.Api/Ramendo.Api.csproj" />
    <Project Path="src/Ramendo.Application/Ramendo.Application.csproj" />
    <Project Path="src/Ramendo.Domain/Ramendo.Domain.csproj" />
    <Project Path="src/Ramendo.Infrastructure/Ramendo.Infrastructure.csproj" />
  </Folder>
</Solution>
